{
  "name": "sky-office-types",
  "version": "1.0.0",
  "lockfileVersion": 2,
  "requires": true,
  "packages": {
    "": {
      "name": "sky-office-types",
      "version": "1.0.0",
      "license": "MIT",
      "dependencies": {
        "@colyseus/schema": "^4.0.4"
      }
    },
    "node_modules/@colyseus/schema": {
      "version": "4.0.8",
      "resolved": "https://registry.npmjs.org/@colyseus/schema/-/schema-4.0.8.tgz",
      "integrity": "sha512-yHSxoK9Q6qpWP/kSfDJhxXUMl6dE0vBEiJ1Y8R330aLpfVE/u1et+vFzrJlHucrNMZJeuvN+9EZjvvj+52wwBA==",
      "license": "MIT",
      "bin": {
        "schema-codegen": "bin/schema-codegen",
        "schema-debug": "bin/schema-debug"
      },
      "peerDependencies": {
        "typescript": "^5.9.3"
      }
    },
    "node_modules/typescript": {
      "version": "5.9.3",
      "resolved": "https://registry.npmjs.org/typescript/-/typescript-5.9.3.tgz",
      "integrity": "sha512-jl1vZzPDinLr9eUt3J/t7V6FgNEw9QjvBPdysz9KfQDD41fQrC2Y4vKQdiaUpFT4bXlb1RHhLpp8wtm6M5TgSw==",
      "license": "Apache-2.0",
      "peer": true,
      "bin": {
        "tsc": "bin/tsc",
        "tsserver": "bin/tsserver"
      },
      "engines": {
        "node": ">=14.17"
      }
    }
  },
  "dependencies": {
    "@colyseus/schema": {
      "version": "4.0.8",
      "resolved": "https://registry.npmjs.org/@colyseus/schema/-/schema-4.0.8.tgz",
      "integrity": "sha512-yHSxoK9Q6qpWP/kSfDJhxXUMl6dE0vBEiJ1Y8R330aLpfVE/u1et+vFzrJlHucrNMZJeuvN+9EZjvvj+52wwBA==",
      "requires": {}
    },
    "typescript": {
      "version": "5.9.3",
      "resolved": "https://registry.npmjs.org/typescript/-/typescript-5.9.3.tgz",
      "integrity": "sha512-jl1vZzPDinLr9eUt3J/t7V6FgNEw9QjvBPdysz9KfQDD41fQrC2Y4vKQdiaUpFT4bXlb1RHhLpp8wtm6M5TgSw==",
      "peer": true
    }
  }
}
